
Microsoft Visual Studio Solution File, Format Version 12.00
# Visual Studio Version 16
VisualStudioVersion = 16.0.31424.327
MinimumVisualStudioVersion = 10.0.40219.1
Project("{FAE04EC0-301F-11D3-BF4B-00C04F79EFBC}") = "Seção 12 - Sistema jogo de Xadrez", "Seção 12 - Sistema jogo de Xadrez\Seção 12 - Sistema jogo de Xadrez.csproj", "{01B53974-89A7-4B13-B8DB-3F6F6EDD1EB2}"
EndProject
Global
	GlobalSection(SolutionConfigurationPlatforms) = preSolution
		Debug|Any CPU = Debug|Any CPU
		Release|Any CPU = Release|Any CPU
	EndGlobalSection
	GlobalSection(ProjectConfigurationPlatforms) = postSolution
		{01B53974-89A7-4B13-B8DB-3F6F6EDD1EB2}.Debug|Any CPU.ActiveCfg = Debug|Any CPU
		{01B53974-89A7-4B13-B8DB-3F6F6EDD1EB2}.Debug|Any CPU.Build.0 = Debug|Any CPU
		{01B53974-89A7-4B13-B8DB-3F6F6EDD1EB2}.Release|Any CPU.ActiveCfg = Release|Any CPU
		{01B53974-89A7-4B13-B8DB-3F6F6EDD1EB2}.Release|Any CPU.Build.0 = Release|Any CPU
	EndGlobalSection
	GlobalSection(SolutionProperties) = preSolution
		HideSolutionNode = FALSE
	EndGlobalSection
	GlobalSection(ExtensibilityGlobals) = postSolution
		SolutionGuid = {9B743839-9BA0-4CFD-AE48-8F89B3BD7B3E}
	EndGlobalSection
EndGlobal
